Microsoft Visual Studio Solution File, Format Version 12.00
# Visual Studio 2012
Project("{FAE04EC0-301F-11D3-BF4B-00C04F79EFBC}") = "Jungle Rumble", "Jungle Rumble.csproj", "{114D828D-9265-449D-B7E6-35908739D52A}"
EndProject
Global
	GlobalSection(SolutionConfigurationPlatforms) = preSolution
	Debug|Any CPU = Debug|Any CPU
	ExportDebug|Any CPU = ExportDebug|Any CPU
	ExportRelease|Any CPU = ExportRelease|Any CPU
	EndGlobalSection
	GlobalSection(ProjectConfigurationPlatforms) = postSolution
		{114D828D-9265-449D-B7E6-35908739D52A}.Debug|Any CPU.ActiveCfg = Debug|Any CPU
		{114D828D-9265-449D-B7E6-35908739D52A}.Debug|Any CPU.Build.0 = Debug|Any CPU
		{114D828D-9265-449D-B7E6-35908739D52A}.ExportDebug|Any CPU.ActiveCfg = ExportDebug|Any CPU
		{114D828D-9265-449D-B7E6-35908739D52A}.ExportDebug|Any CPU.Build.0 = ExportDebug|Any CPU
		{114D828D-9265-449D-B7E6-35908739D52A}.ExportRelease|Any CPU.ActiveCfg = ExportRelease|Any CPU
		{114D828D-9265-449D-B7E6-35908739D52A}.ExportRelease|Any CPU.Build.0 = ExportRelease|Any CPU
	EndGlobalSection
EndGlobal
